
Microsoft Visual Studio Solution File, Format Version 12.00
# Visual Studio 2012
Project("{FAE04EC0-301F-11D3-BF4B-00C04F79EFBC}") = "Ques_1", "Ques_1\Ques_1.csproj", "{76561A8D-2BAA-48FE-BA77-DC4A1CDDDAD3}"
EndProject
Project("{FAE04EC0-301F-11D3-BF4B-00C04F79EFBC}") = "Ques_2", "Ques_2\Ques_2.csproj", "{78D8C674-5371-4DB7-AC79-0BBB92D420F0}"
EndProject
Project("{FAE04EC0-301F-11D3-BF4B-00C04F79EFBC}") = "Ques_3", "Ques_3\Ques_3.csproj", "{B8F4C343-005B-4549-B9F0-E2AFFE9564D4}"
EndProject
Project("{FAE04EC0-301F-11D3-BF4B-00C04F79EFBC}") = "Ques_4", "Ques_4\Ques_4.csproj", "{869B4538-AD3C-4764-B54E-18B51941CE78}"
EndProject
Project("{FAE04EC0-301F-11D3-BF4B-00C04F79EFBC}") = "Ques_5", "Ques_5\Ques_5.csproj", "{0663E70A-42D8-4F14-8384-7834625661DA}"
EndProject
Global
	GlobalSection(SolutionConfigurationPlatforms) = preSolution
		Debug|x86 = Debug|x86
		Release|x86 = Release|x86
	EndGlobalSection
	GlobalSection(ProjectConfigurationPlatforms) = postSolution
		{0663E70A-42D8-4F14-8384-7834625661DA}.Debug|x86.ActiveCfg = Debug|x86
		{0663E70A-42D8-4F14-8384-7834625661DA}.Debug|x86.Build.0 = Debug|x86
		{0663E70A-42D8-4F14-8384-7834625661DA}.Release|x86.ActiveCfg = Release|x86
		{0663E70A-42D8-4F14-8384-7834625661DA}.Release|x86.Build.0 = Release|x86
		{76561A8D-2BAA-48FE-BA77-DC4A1CDDDAD3}.Debug|x86.ActiveCfg = Debug|x86
		{76561A8D-2BAA-48FE-BA77-DC4A1CDDDAD3}.Debug|x86.Build.0 = Debug|x86
		{76561A8D-2BAA-48FE-BA77-DC4A1CDDDAD3}.Release|x86.ActiveCfg = Release|x86
		{76561A8D-2BAA-48FE-BA77-DC4A1CDDDAD3}.Release|x86.Build.0 = Release|x86
		{78D8C674-5371-4DB7-AC79-0BBB92D420F0}.Debug|x86.ActiveCfg = Debug|x86
		{78D8C674-5371-4DB7-AC79-0BBB92D420F0}.Debug|x86.Build.0 = Debug|x86
		{78D8C674-5371-4DB7-AC79-0BBB92D420F0}.Release|x86.ActiveCfg = Release|x86
		{78D8C674-5371-4DB7-AC79-0BBB92D420F0}.Release|x86.Build.0 = Release|x86
		{869B4538-AD3C-4764-B54E-18B51941CE78}.Debug|x86.ActiveCfg = Debug|x86
		{869B4538-AD3C-4764-B54E-18B51941CE78}.Debug|x86.Build.0 = Debug|x86
		{869B4538-AD3C-4764-B54E-18B51941CE78}.Release|x86.ActiveCfg = Release|x86
		{869B4538-AD3C-4764-B54E-18B51941CE78}.Release|x86.Build.0 = Release|x86
		{B8F4C343-005B-4549-B9F0-E2AFFE9564D4}.Debug|x86.ActiveCfg = Debug|x86
		{B8F4C343-005B-4549-B9F0-E2AFFE9564D4}.Debug|x86.Build.0 = Debug|x86
		{B8F4C343-005B-4549-B9F0-E2AFFE9564D4}.Release|x86.ActiveCfg = Release|x86
		{B8F4C343-005B-4549-B9F0-E2AFFE9564D4}.Release|x86.Build.0 = Release|x86
	EndGlobalSection
EndGlobal
